
Microsoft Visual Studio Solution File, Format Version 12.00
# Visual Studio Version 17
VisualStudioVersion = 17.4.33213.308
MinimumVisualStudioVersion = 10.0.40219.1
Project("{888888A0-9F3D-457C-B088-3A5042F75D52}") = "scol_debugger_project", "scol_debugger_project\scol_debugger_project.pyproj", "{31B4B03F-911B-46EB-891A-EE614F9AC3AB}"
EndProject
Global
	GlobalSection(SolutionConfigurationPlatforms) = preSolution
		Debug|Any CPU = Debug|Any CPU
		Release|Any CPU = Release|Any CPU
	EndGlobalSection
	GlobalSection(ProjectConfigurationPlatforms) = postSolution
		{31B4B03F-911B-46EB-891A-EE614F9AC3AB}.Debug|Any CPU.ActiveCfg = Debug|Any CPU
		{31B4B03F-911B-46EB-891A-EE614F9AC3AB}.Release|Any CPU.ActiveCfg = Release|Any CPU
	EndGlobalSection
	GlobalSection(SolutionProperties) = preSolution
		HideSolutionNode = FALSE
	EndGlobalSection
	GlobalSection(ExtensibilityGlobals) = postSolution
		SolutionGuid = {BCFA27C8-CA16-40CF-A826-F43831166DEF}
	EndGlobalSection
EndGlobal
